// !$*UTF8*$!
{
	archiveVersion = 1;
	classes = {
	};
	objectVersion = 50;
	objects = {

/* Begin PBXBuildFile section */
		857BA1FB554134192D2A7180 /* Pods_Questions.framework in Frameworks */ = {isa = PBXBuildFile; fileRef = 5817201FABEEED25246EF36A /* Pods_Questions.framework */; };
		C64E933920FF1AC900D98E78 /* QuestionViewController.swift in Sources */ = {isa = PBXBuildFile; fileRef = C64E933820FF1AC900D98E78 /* QuestionViewController.swift */; };
		C6BF0E4120FCBC8B003D7204 /* AppDelegate.swift in Sources */ = {isa = PBXBuildFile; fileRef = C6BF0E4020FCBC8B003D7204 /* AppDelegate.swift */; };
		C6BF0E4320FCBC8B003D7204 /* QuestionTableViewController.swift in Sources */ = {isa = PBXBuildFile; fileRef = C6BF0E4220FCBC8B003D7204 /* QuestionTableViewController.swift */; };
		C6BF0E4620FCBC8B003D7204 /* Main.storyboard in Resources */ = {isa = PBXBuildFile; fileRef = C6BF0E4420FCBC8B003D7204 /* Main.storyboard */; };
		C6BF0E4820FCBC8C003D7204 /* Assets.xcassets in Resources */ = {isa = PBXBuildFile; fileRef = C6BF0E4720FCBC8C003D7204 /* Assets.xcassets */; };
		C6BF0E4B20FCBC8C003D7204 /* LaunchScreen.storyboard in Resources */ = {isa = PBXBuildFile; fileRef = C6BF0E4920FCBC8C003D7204 /* LaunchScreen.storyboard */; };
		C6BF0E5320FCBEAC003D7204 /* Question.swift in Sources */ = {isa = PBXBuildFile; fileRef = C6BF0E5220FCBEAC003D7204 /* Question.swift */; };
		C6BF0E5920FDC3E1003D7204 /* CategoryViewController.swift in Sources */ = {isa = PBXBuildFile; fileRef = C6BF0E5820FDC3E1003D7204 /* CategoryViewController.swift */; };
		C6BF0E5B20FDC4A1003D7204 /* Category.swift in Sources */ = {isa = PBXBuildFile; fileRef = C6BF0E5A20FDC4A1003D7204 /* Category.swift */; };
		C6BF0E6720FDF868003D7204 /* MyCell.xib in Resources */ = {isa = PBXBuildFile; fileRef = C6BF0E6620FDF868003D7204 /* MyCell.xib */; };
		C6BF0E6920FDF8C6003D7204 /* MyCell.swift in Sources */ = {isa = PBXBuildFile; fileRef = C6BF0E6820FDF8C6003D7204 /* MyCell.swift */; };
/* End PBXBuildFile section */

/* Begin PBXFileReference section */
		5817201FABEEED25246EF36A /* Pods_Questions.framework */ = {isa = PBXFileReference; explicitFileType = wrapper.framework; includeInIndex = 0; path = Pods_Questions.framework; sourceTree = BUILT_PRODUCTS_DIR; };
		AFCB86F191E9B19AA3BDDD65 /* Pods-Questions.debug.xcconfig */ = {isa = PBXFileReference; includeInIndex = 1; lastKnownFileType = text.xcconfig; name = "Pods-Questions.debug.xcconfig"; path = "Pods/Target Support Files/Pods-Questions/Pods-Questions.debug.xcconfig"; sourceTree = "<group>"; };
		B41E205FD2CAEFCD012CE73A /* Pods-Questions.release.xcconfig */ = {isa = PBXFileReference; includeInIndex = 1; lastKnownFileType = text.xcconfig; name = "Pods-Questions.release.xcconfig"; path = "Pods/Target Support Files/Pods-Questions/Pods-Questions.release.xcconfig"; sourceTree = "<group>"; };
		C64E933820FF1AC900D98E78 /* QuestionViewController.swift */ = {isa = PBXFileReference; lastKnownFileType = sourcecode.swift; path = QuestionViewController.swift; sourceTree = "<group>"; };
		C6BF0E3D20FCBC8B003D7204 /* Questions.app */ = {isa = PBXFileReference; explicitFileType = wrapper.application; includeInIndex = 0; path = Questions.app; sourceTree = BUILT_PRODUCTS_DIR; };
		C6BF0E4020FCBC8B003D7204 /* AppDelegate.swift */ = {isa = PBXFileReference; lastKnownFileType = sourcecode.swift; path = AppDelegate.swift; sourceTree = "<group>"; };
		C6BF0E4220FCBC8B003D7204 /* QuestionTableViewController.swift */ = {isa = PBXFileReference; lastKnownFileType = sourcecode.swift; path = QuestionTableViewController.swift; sourceTree = "<group>"; };
		C6BF0E4520FCBC8B003D7204 /* Base */ = {isa = PBXFileReference; lastKnownFileType = file.storyboard; name = Base; path = Base.lproj/Main.storyboard; sourceTree = "<group>"; };
		C6BF0E4720FCBC8C003D7204 /* Assets.xcassets */ = {isa = PBXFileReference; lastKnownFileType = folder.assetcatalog; path = Assets.xcassets; sourceTree = "<group>"; };
		C6BF0E4A20FCBC8C003D7204 /* Base */ = {isa = PBXFileReference; lastKnownFileType = file.storyboard; name = Base; path = Base.lproj/LaunchScreen.storyboard; sourceTree = "<group>"; };
		C6BF0E4C20FCBC8C003D7204 /* Info.plist */ = {isa = PBXFileReference; lastKnownFileType = text.plist.xml; path = Info.plist; sourceTree = "<group>"; };
		C6BF0E5220FCBEAC003D7204 /* Question.swift */ = {isa = PBXFileReference; lastKnownFileType = sourcecode.swift; path = Question.swift; sourceTree = "<group>"; };
		C6BF0E5820FDC3E1003D7204 /* CategoryViewController.swift */ = {isa = PBXFileReference; lastKnownFileType = sourcecode.swift; path = CategoryViewController.swift; sourceTree = "<group>"; };
		C6BF0E5A20FDC4A1003D7204 /* Category.swift */ = {isa = PBXFileReference; lastKnownFileType = sourcecode.swift; path = Category.swift; sourceTree = "<group>"; };
		C6BF0E6620FDF868003D7204 /* MyCell.xib */ = {isa = PBXFileReference; lastKnownFileType = file.xib; path = MyCell.xib; sourceTree = "<group>"; };
		C6BF0E6820FDF8C6003D7204 /* MyCell.swift */ = {isa = PBXFileReference; lastKnownFileType = sourcecode.swift; path = MyCell.swift; sourceTree = "<group>"; };
/* End PBXFileReference section */

/* Begin PBXFrameworksBuildPhase section */
		C6BF0E3A20FCBC8B003D7204 /* Frameworks */ = {
			isa = PBXFrameworksBuildPhase;
			buildActionMask = 2147483647;
			files = (
				857BA1FB554134192D2A7180 /* Pods_Questions.framework in Frameworks */,
			);
			runOnlyForDeploymentPostprocessing = 0;
		};
/* End PBXFrameworksBuildPhase section */

/* Begin PBXGroup section */
		487E5317C45BE13235B597CC /* Frameworks */ = {
			isa = PBXGroup;
			children = (
				5817201FABEEED25246EF36A /* Pods_Questions.framework */,
			);
			name = Frameworks;
			sourceTree = "<group>";
		};
		C144F7FD43C6180AADBCCBF6 /* Pods */ = {
			isa = PBXGroup;
			children = (
				AFCB86F191E9B19AA3BDDD65 /* Pods-Questions.debug.xcconfig */,
				B41E205FD2CAEFCD012CE73A /* Pods-Questions.release.xcconfig */,
			);
			name = Pods;
			sourceTree = "<group>";
		};
		C6BF0E3420FCBC8B003D7204 = {
			isa = PBXGroup;
			children = (
				C6BF0E3F20FCBC8B003D7204 /* Questions */,
				C6BF0E3E20FCBC8B003D7204 /* Products */,
				C144F7FD43C6180AADBCCBF6 /* Pods */,
				487E5317C45BE13235B597CC /* Frameworks */,
			);
			sourceTree = "<group>";
		};
		C6BF0E3E20FCBC8B003D7204 /* Products */ = {
			isa = PBXGroup;
			children = (
				C6BF0E3D20FCBC8B003D7204 /* Questions.app */,
			);
			name = Products;
			sourceTree = "<group>";
		};
		C6BF0E3F20FCBC8B003D7204 /* Questions */ = {
			isa = PBXGroup;
			children = (
				C6BF0E5420FCBEB0003D7204 /* model */,
				C6BF0E4020FCBC8B003D7204 /* AppDelegate.swift */,
				C6BF0E5520FDC38A003D7204 /* controller */,
				C6BF0E4420FCBC8B003D7204 /* Main.storyboard */,
				C6BF0E4C20FCBC8C003D7204 /* Info.plist */,
				C6BF0E4720FCBC8C003D7204 /* Assets.xcassets */,
				C6BF0E4920FCBC8C003D7204 /* LaunchScreen.storyboard */,
				C6BF0E6620FDF868003D7204 /* MyCell.xib */,
				C6BF0E6820FDF8C6003D7204 /* MyCell.swift */,
			);
			path = Questions;
			sourceTree = "<group>";
		};
		C6BF0E5420FCBEB0003D7204 /* model */ = {
			isa = PBXGroup;
			children = (
				C6BF0E5220FCBEAC003D7204 /* Question.swift */,
				C6BF0E5A20FDC4A1003D7204 /* Category.swift */,
			);
			path = model;
			sourceTree = "<group>";
		};
		C6BF0E5520FDC38A003D7204 /* controller */ = {
			isa = PBXGroup;
			children = (
				C6BF0E5820FDC3E1003D7204 /* CategoryViewController.swift */,
				C6BF0E4220FCBC8B003D7204 /* QuestionTableViewController.swift */,
				C64E933820FF1AC900D98E78 /* QuestionViewController.swift */,
			);
			path = controller;
			sourceTree = "<group>";
		};
/* End PBXGroup section */

/* Begin PBXNativeTarget section */
		C6BF0E3C20FCBC8B003D7204 /* Questions */ = {
			isa = PBXNativeTarget;
			buildConfigurationList = C6BF0E4F20FCBC8C003D7204 /* Build configuration list for PBXNativeTarget "Questions" */;
			buildPhases = (
				01B6C5EFFCF256DF34399096 /* [CP] Check Pods Manifest.lock */,
				C6BF0E3920FCBC8B003D7204 /* Sources */,
				C6BF0E3A20FCBC8B003D7204 /* Frameworks */,
				C6BF0E3B20FCBC8B003D7204 /* Resources */,
				DA11BE4C270FC3B6FAC7F6C0 /* [CP] Embed Pods Frameworks */,
			);
			buildRules = (
			);
			dependencies = (
			);
			name = Questions;
			productName = Questions;
			productReference = C6BF0E3D20FCBC8B003D7204 /* Questions.app */;
			productType = "com.apple.product-type.application";
		};
/* End PBXNativeTarget section */

/* Begin PBXProject section */
		C6BF0E3520FCBC8B003D7204 /* Project object */ = {
			isa = PBXProject;
			attributes = {
				LastSwiftUpdateCheck = 0940;
				LastUpgradeCheck = 0940;
				ORGANIZATIONNAME = Coviam;
				TargetAttributes = {
					C6BF0E3C20FCBC8B003D7204 = {
						CreatedOnToolsVersion = 9.4.1;
					};
				};
			};
			buildConfigurationList = C6BF0E3820FCBC8B003D7204 /* Build configuration list for PBXProject "Questions" */;
			compatibilityVersion = "Xcode 9.3";
			developmentRegion = en;
			hasScannedForEncodings = 0;
			knownRegions = (
				en,
				Base,
			);
			mainGroup = C6BF0E3420FCBC8B003D7204;
			productRefGroup = C6BF0E3E20FCBC8B003D7204 /* Products */;
			projectDirPath = "";
			projectRoot = "";
			targets = (
				C6BF0E3C20FCBC8B003D7204 /* Questions */,
			);
		};
/* End PBXProject section */

/* Begin PBXResourcesBuildPhase section */
		C6BF0E3B20FCBC8B003D7204 /* Resources */ = {
			isa = PBXResourcesBuildPhase;
			buildActionMask = 2147483647;
			files = (
				C6BF0E4B20FCBC8C003D7204 /* LaunchScreen.storyboard in Resources */,
				C6BF0E6720FDF868003D7204 /* MyCell.xib in Resources */,
				C6BF0E4820FCBC8C003D7204 /* Assets.xcassets in Resources */,
				C6BF0E4620FCBC8B003D7204 /* Main.storyboard in Resources */,
			);
			runOnlyForDeploymentPostprocessing = 0;
		};
/* End PBXResourcesBuildPhase section */

/* Begin PBXShellScriptBuildPhase section */
		01B6C5EFFCF256DF34399096 /* [CP] Check Pods Manifest.lock */ = {
			isa = PBXShellScriptBuildPhase;
			buildActionMask = 2147483647;
			files = (
			);
			inputPaths = (
				"${PODS_PODFILE_DIR_PATH}/Podfile.lock",
				"${PODS_ROOT}/Manifest.lock",
			);
			name = "[CP] Check Pods Manifest.lock";
			outputPaths = (
				"$(DERIVED_FILE_DIR)/Pods-Questions-checkManifestLockResult.txt",
			);
			runOnlyForDeploymentPostprocessing = 0;
			shellPath = /bin/sh;
			shellScript = "diff \"${PODS_PODFILE_DIR_PATH}/Podfile.lock\" \"${PODS_ROOT}/Manifest.lock\" > /dev/null\nif [ $? != 0 ] ; then\n    # print error to STDERR\n    echo \"error: The sandbox is not in sync with the Podfile.lock. Run 'pod install' or update your CocoaPods installation.\" >&2\n    exit 1\nfi\n# This output is used by Xcode 'outputs' to avoid re-running this script phase.\necho \"SUCCESS\" > \"${SCRIPT_OUTPUT_FILE_0}\"\n";
			showEnvVarsInLog = 0;
		};
		DA11BE4C270FC3B6FAC7F6C0 /* [CP] Embed Pods Frameworks */ = {
			isa = PBXShellScriptBuildPhase;
			buildActionMask = 2147483647;
			files = (
			);
			inputPaths = (
				"${SRCROOT}/Pods/Target Support Files/Pods-Questions/Pods-Questions-frameworks.sh",
				"${BUILT_PRODUCTS_DIR}/Alamofire/Alamofire.framework",
				"${BUILT_PRODUCTS_DIR}/DropDown/DropDown.framework",
				"${BUILT_PRODUCTS_DIR}/PureLayout/PureLayout.framework",
				"${BUILT_PRODUCTS_DIR}/SwiftyJSON/SwiftyJSON.framework",
			);
			name = "[CP] Embed Pods Frameworks";
			outputPaths = (
				"${TARGET_BUILD_DIR}/${FRAMEWORKS_FOLDER_PATH}/Alamofire.framework",
				"${TARGET_BUILD_DIR}/${FRAMEWORKS_FOLDER_PATH}/DropDown.framework",
				"${TARGET_BUILD_DIR}/${FRAMEWORKS_FOLDER_PATH}/PureLayout.framework",
				"${TARGET_BUILD_DIR}/${FRAMEWORKS_FOLDER_PATH}/SwiftyJSON.framework",
			);
			runOnlyForDeploymentPostprocessing = 0;
			shellPath = /bin/sh;
			shellScript = "\"${SRCROOT}/Pods/Target Support Files/Pods-Questions/Pods-Questions-frameworks.sh\"\n";
			showEnvVarsInLog = 0;
		};
/* End PBXShellScriptBuildPhase section */

/* Begin PBXSourcesBuildPhase section */
		C6BF0E3920FCBC8B003D7204 /* Sources */ = {
			isa = PBXSourcesBuildPhase;
			buildActionMask = 2147483647;
			files = (
				C6BF0E5920FDC3E1003D7204 /* CategoryViewController.swift in Sources */,
				C6BF0E5B20FDC4A1003D7204 /* Category.swift in Sources */,
				C64E933920FF1AC900D98E78 /* QuestionViewController.swift in Sources */,
				C6BF0E5320FCBEAC003D7204 /* Question.swift in Sources */,
				C6BF0E6920FDF8C6003D7204 /* MyCell.swift in Sources */,
				C6BF0E4320FCBC8B003D7204 /* QuestionTableViewController.swift in Sources */,
				C6BF0E4120FCBC8B003D7204 /* AppDelegate.swift in Sources */,
			);
			runOnlyForDeploymentPostprocessing = 0;
		};
/* End PBXSourcesBuildPhase section */

/* Begin PBXVariantGroup section */
		C6BF0E4420FCBC8B003D7204 /* Main.storyboard */ = {
			isa = PBXVariantGroup;
			children = (
				C6BF0E4520FCBC8B003D7204 /* Base */,
			);
			name = Main.storyboard;
			sourceTree = "<group>";
		};
		C6BF0E4920FCBC8C003D7204 /* LaunchScreen.storyboard */ = {
			isa = PBXVariantGroup;
			children = (
				C6BF0E4A20FCBC8C003D7204 /* Base */,
			);
			name = LaunchScreen.storyboard;
			sourceTree = "<group>";
		};
/* End PBXVariantGroup section */

/* Begin XCBuildConfiguration section */
		C6BF0E4D20FCBC8C003D7204 /* Debug */ = {
			isa = XCBuildConfiguration;
			buildSettings = {
				ALWAYS_SEARCH_USER_PATHS = NO;
				CLANG_ANALYZER_NONNULL = YES;
				CLANG_ANALYZER_NUMBER_OBJECT_CONVERSION = YES_AGGRESSIVE;
				CLANG_CXX_LANGUAGE_STANDARD = "gnu++14";
				CLANG_CXX_LIBRARY = "libc++";
				CLANG_ENABLE_MODULES = YES;
				CLANG_ENABLE_OBJC_ARC = YES;
				CLANG_ENABLE_OBJC_WEAK = YES;
				CLANG_WARN_BLOCK_CAPTURE_AUTORELEASING = YES;
				CLANG_WARN_BOOL_CONVERSION = YES;
				CLANG_WARN_COMMA = YES;
				CLANG_WARN_CONSTANT_CONVERSION = YES;
				CLANG_WARN_DEPRECATED_OBJC_IMPLEMENTATIONS = YES;
				CLANG_WARN_DIRECT_OBJC_ISA_USAGE = YES_ERROR;
				CLANG_WARN_DOCUMENTATION_COMMENTS = YES;
				CLANG_WARN_EMPTY_BODY = YES;
				CLANG_WARN_ENUM_CONVERSION = YES;
				CLANG_WARN_INFINITE_RECURSION = YES;
				CLANG_WARN_INT_CONVERSION = YES;
				CLANG_WARN_NON_LITERAL_NULL_CONVERSION = YES;
				CLANG_WARN_OBJC_IMPLICIT_RETAIN_SELF = YES;
				CLANG_WARN_OBJC_LITERAL_CONVERSION = YES;
				CLANG_WARN_OBJC_ROOT_CLASS = YES_ERROR;
				CLANG_WARN_RANGE_LOOP_ANALYSIS = YES;
				CLANG_WARN_STRICT_PROTOTYPES = YES;
				CLANG_WARN_SUSPICIOUS_MOVE = YES;
				CLANG_WARN_UNGUARDED_AVAILABILITY = YES_AGGRESSIVE;
				CLANG_WARN_UNREACHABLE_CODE = YES;
				CLANG_WARN__DUPLICATE_METHOD_MATCH = YES;
				CODE_SIGN_IDENTITY = "iPhone Developer";
				COPY_PHASE_STRIP = NO;
				DEBUG_INFORMATION_FORMAT = dwarf;
				ENABLE_STRICT_OBJC_MSGSEND = YES;
				ENABLE_TESTABILITY = YES;
				GCC_C_LANGUAGE_STANDARD = gnu11;
				GCC_DYNAMIC_NO_PIC = NO;
				GCC_NO_COMMON_BLOCKS = YES;
				GCC_OPTIMIZATION_LEVEL = 0;
				GCC_PREPROCESSOR_DEFINITIONS = (
					"DEBUG=1",
					"$(inherited)",
				);
				GCC_WARN_64_TO_32_BIT_CONVERSION = YES;
				GCC_WARN_ABOUT_RETURN_TYPE = YES_ERROR;
				GCC_WARN_UNDECLARED_SELECTOR = YES;
				GCC_WARN_UNINITIALIZED_AUTOS = YES_AGGRESSIVE;
				GCC_WARN_UNUSED_FUNCTION = YES;
				GCC_WARN_UNUSED_VARIABLE = YES;
				IPHONEOS_DEPLOYMENT_TARGET = 11.4;
				MTL_ENABLE_DEBUG_INFO = YES;
				ONLY_ACTIVE_ARCH = YES;
				SDKROOT = iphoneos;
				SWIFT_ACTIVE_COMPILATION_CONDITIONS = DEBUG;
				SWIFT_OPTIMIZATION_LEVEL = "-Onone";
			};
			name = Debug;
		};
		C6BF0E4E20FCBC8C003D7204 /* Release */ = {
			isa = XCBuildConfiguration;
			buildSettings = {
				ALWAYS_SEARCH_USER_PATHS = NO;
				CLANG_ANALYZER_NONNULL = YES;
				CLANG_ANALYZER_NUMBER_OBJECT_CONVERSION = YES_AGGRESSIVE;
				CLANG_CXX_LANGUAGE_STANDARD = "gnu++14";
				CLANG_CXX_LIBRARY = "libc++";
				CLANG_ENABLE_MODULES = YES;
				CLANG_ENABLE_OBJC_ARC = YES;
				CLANG_ENABLE_OBJC_WEAK = YES;
				CLANG_WARN_BLOCK_CAPTURE_AUTORELEASING = YES;
				CLANG_WARN_BOOL_CONVERSION = YES;
				CLANG_WARN_COMMA = YES;
				CLANG_WARN_CONSTANT_CONVERSION = YES;
				CLANG_WARN_DEPRECATED_OBJC_IMPLEMENTATIONS = YES;
				CLANG_WARN_DIRECT_OBJC_ISA_USAGE = YES_ERROR;
				CLANG_WARN_DOCUMENTATION_COMMENTS = YES;
				CLANG_WARN_EMPTY_BODY = YES;
				CLANG_WARN_ENUM_CONVERSION = YES;
				CLANG_WARN_INFINITE_RECURSION = YES;
				CLANG_WARN_INT_CONVERSION = YES;
				CLANG_WARN_NON_LITERAL_NULL_CONVERSION = YES;
				CLANG_WARN_OBJC_IMPLICIT_RETAIN_SELF = YES;
				CLANG_WARN_OBJC_LITERAL_CONVERSION = YES;
				CLANG_WARN_OBJC_ROOT_CLASS = YES_ERROR;
				CLANG_WARN_RANGE_LOOP_ANALYSIS = YES;
				CLANG_WARN_STRICT_PROTOTYPES = YES;
				CLANG_WARN_SUSPICIOUS_MOVE = YES;
				CLANG_WARN_UNGUARDED_AVAILABILITY = YES_AGGRESSIVE;
				CLANG_WARN_UNREACHABLE_CODE = YES;
				CLANG_WARN__DUPLICATE_METHOD_MATCH = YES;
				CODE_SIGN_IDENTITY = "iPhone Developer";
				COPY_PHASE_STRIP = NO;
				DEBUG_INFORMATION_FORMAT = "dwarf-with-dsym";
				ENABLE_NS_ASSERTIONS = NO;
				ENABLE_STRICT_OBJC_MSGSEND = YES;
				GCC_C_LANGUAGE_STANDARD = gnu11;
				GCC_NO_COMMON_BLOCKS = YES;
				GCC_WARN_64_TO_32_BIT_CONVERSION = YES;
				GCC_WARN_ABOUT_RETURN_TYPE = YES_ERROR;
				GCC_WARN_UNDECLARED_SELECTOR = YES;
				GCC_WARN_UNINITIALIZED_AUTOS = YES_AGGRESSIVE;
				GCC_WARN_UNUSED_FUNCTION = YES;
				GCC_WARN_UNUSED_VARIABLE = YES;
				IPHONEOS_DEPLOYMENT_TARGET = 11.4;
				MTL_ENABLE_DEBUG_INFO = NO;
				SDKROOT = iphoneos;
				SWIFT_COMPILATION_MODE = wholemodule;
				SWIFT_OPTIMIZATION_LEVEL = "-O";
				VALIDATE_PRODUCT = YES;
			};
			name = Release;
		};
		C6BF0E5020FCBC8C003D7204 /* Debug */ = {
			isa = XCBuildConfiguration;
			baseConfigurationReference = AFCB86F191E9B19AA3BDDD65 /* Pods-Questions.debug.xcconfig */;
			buildSettings = {
				ASSETCATALOG_COMPILER_APPICON_NAME = AppIcon;
				CODE_SIGN_STYLE = Manual;
				DEVELOPMENT_TEAM = "";
				INFOPLIST_FILE = Questions/Info.plist;
				LD_RUNPATH_SEARCH_PATHS = (
					"$(inherited)",
					"@executable_path/Frameworks",
				);
				PRODUCT_BUNDLE_IDENTIFIER = com.covaim.Questions;
				PRODUCT_NAME = "$(TARGET_NAME)";
				PROVISIONING_PROFILE_SPECIFIER = "";
				SWIFT_VERSION = 4.0;
				TARGETED_DEVICE_FAMILY = 1;
			};
			name = Debug;
		};
		C6BF0E5120FCBC8C003D7204 /* Release */ = {
			isa = XCBuildConfiguration;
			baseConfigurationReference = B41E205FD2CAEFCD012CE73A /* Pods-Questions.release.xcconfig */;
			buildSettings = {
				ASSETCATALOG_COMPILER_APPICON_NAME = AppIcon;
				CODE_SIGN_STYLE = Manual;
				DEVELOPMENT_TEAM = "";
				INFOPLIST_FILE = Questions/Info.plist;
				LD_RUNPATH_SEARCH_PATHS = (
					"$(inherited)",
					"@executable_path/Frameworks",
				);
				PRODUCT_BUNDLE_IDENTIFIER = com.covaim.Questions;
				PRODUCT_NAME = "$(TARGET_NAME)";
				PROVISIONING_PROFILE_SPECIFIER = "";
				SWIFT_VERSION = 4.0;
				TARGETED_DEVICE_FAMILY = 1;
			};
			name = Release;
		};
/* End XCBuildConfiguration section */

/* Begin XCConfigurationList section */
		C6BF0E3820FCBC8B003D7204 /* Build configuration list for PBXProject "Questions" */ = {
			isa = XCConfigurationList;
			buildConfigurations = (
				C6BF0E4D20FCBC8C003D7204 /* Debug */,
				C6BF0E4E20FCBC8C003D7204 /* Release */,
			);
			defaultConfigurationIsVisible = 0;
			defaultConfigurationName = Release;
		};
		C6BF0E4F20FCBC8C003D7204 /* Build configuration list for PBXNativeTarget "Questions" */ = {
			isa = XCConfigurationList;
			buildConfigurations = (
				C6BF0E5020FCBC8C003D7204 /* Debug */,
				C6BF0E5120FCBC8C003D7204 /* Release */,
			);
			defaultConfigurationIsVisible = 0;
			defaultConfigurationName = Release;
		};
/* End XCConfigurationList section */
	};
	rootObject = C6BF0E3520FCBC8B003D7204 /* Project object */;
}
